
Microsoft Visual Studio Solution File, Format Version 12.00
# Visual Studio 15
VisualStudioVersion = 15.0.27130.2010
MinimumVisualStudioVersion = 10.0.40219.1
Project("{FAE04EC0-301F-11D3-BF4B-00C04F79EFBC}") = "WardrobeApp", "WardrobeApp\WardrobeApp.csproj", "{65284B87-8AB3-4B1F-BA41-1C9E0FD4A316}"
EndProject
Global
	GlobalSection(SolutionConfigurationPlatforms) = preSolution
		Debug|Any CPU = Debug|Any CPU
		Release|Any CPU = Release|Any CPU
	EndGlobalSection
	GlobalSection(ProjectConfigurationPlatforms) = postSolution
		{65284B87-8AB3-4B1F-BA41-1C9E0FD4A316}.Debug|Any CPU.ActiveCfg = Debug|Any CPU
		{65284B87-8AB3-4B1F-BA41-1C9E0FD4A316}.Debug|Any CPU.Build.0 = Debug|Any CPU
		{65284B87-8AB3-4B1F-BA41-1C9E0FD4A316}.Release|Any CPU.ActiveCfg = Release|Any CPU
		{65284B87-8AB3-4B1F-BA41-1C9E0FD4A316}.Release|Any CPU.Build.0 = Release|Any CPU
	EndGlobalSection
	GlobalSection(SolutionProperties) = preSolution
		HideSolutionNode = FALSE
	EndGlobalSection
	GlobalSection(ExtensibilityGlobals) = postSolution
		SolutionGuid = {BB712124-6AD7-4037-B0A6-78129E961339}
	EndGlobalSection
EndGlobal
